// !$*UTF8*$!
{
	archiveVersion = 1;
	classes = {
	};
	objectVersion = 50;
	objects = {

/* Begin PBXBuildFile section */
		FB4D389524C81753000F0E35 /* AppDelegate.swift in Sources */ = {isa = PBXBuildFile; fileRef = FB4D389424C81753000F0E35 /* AppDelegate.swift */; };
		FB4D389724C81753000F0E35 /* SceneDelegate.swift in Sources */ = {isa = PBXBuildFile; fileRef = FB4D389624C81753000F0E35 /* SceneDelegate.swift */; };
		FB4D389924C81753000F0E35 /* ContentView.swift in Sources */ = {isa = PBXBuildFile; fileRef = FB4D389824C81753000F0E35 /* ContentView.swift */; };
		FB4D389B24C81757000F0E35 /* Assets.xcassets in Resources */ = {isa = PBXBuildFile; fileRef = FB4D389A24C81757000F0E35 /* Assets.xcassets */; };
		FB4D389E24C81757000F0E35 /* Preview Assets.xcassets in Resources */ = {isa = PBXBuildFile; fileRef = FB4D389D24C81757000F0E35 /* Preview Assets.xcassets */; };
		FB4D38A124C81757000F0E35 /* LaunchScreen.storyboard in Resources */ = {isa = PBXBuildFile; fileRef = FB4D389F24C81757000F0E35 /* LaunchScreen.storyboard */; };
/* End PBXBuildFile section */

/* Begin PBXFileReference section */
		FB4D389124C81752000F0E35 /* TrafficLightAppV2.app */ = {isa = PBXFileReference; explicitFileType = wrapper.application; includeInIndex = 0; path = TrafficLightAppV2.app; sourceTree = BUILT_PRODUCTS_DIR; };
		FB4D389424C81753000F0E35 /* AppDelegate.swift */ = {isa = PBXFileReference; lastKnownFileType = sourcecode.swift; path = AppDelegate.swift; sourceTree = "<group>"; };
		FB4D389624C81753000F0E35 /* SceneDelegate.swift */ = {isa = PBXFileReference; lastKnownFileType = sourcecode.swift; path = SceneDelegate.swift; sourceTree = "<group>"; };
		FB4D389824C81753000F0E35 /* ContentView.swift */ = {isa = PBXFileReference; lastKnownFileType = sourcecode.swift; path = ContentView.swift; sourceTree = "<group>"; };
		FB4D389A24C81757000F0E35 /* Assets.xcassets */ = {isa = PBXFileReference; lastKnownFileType = folder.assetcatalog; path = Assets.xcassets; sourceTree = "<group>"; };
		FB4D389D24C81757000F0E35 /* Preview Assets.xcassets */ = {isa = PBXFileReference; lastKnownFileType = folder.assetcatalog; path = "Preview Assets.xcassets"; sourceTree = "<group>"; };
		FB4D38A024C81757000F0E35 /* Base */ = {isa = PBXFileReference; lastKnownFileType = file.storyboard; name = Base; path = Base.lproj/LaunchScreen.storyboard; sourceTree = "<group>"; };
		FB4D38A224C81757000F0E35 /* Info.plist */ = {isa = PBXFileReference; lastKnownFileType = text.plist.xml; path = Info.plist; sourceTree = "<group>"; };
/* End PBXFileReference section */

/* Begin PBXFrameworksBuildPhase section */
		FB4D388E24C81752000F0E35 /* Frameworks */ = {
			isa = PBXFrameworksBuildPhase;
			buildActionMask = 2147483647;
			files = (
			);
			runOnlyForDeploymentPostprocessing = 0;
		};
/* End PBXFrameworksBuildPhase section */

/* Begin PBXGroup section */
		FB4D388824C81752000F0E35 = {
			isa = PBXGroup;
			children = (
				FB4D389324C81752000F0E35 /* TrafficLightAppV2 */,
				FB4D389224C81752000F0E35 /* Products */,
			);
			sourceTree = "<group>";
		};
		FB4D389224C81752000F0E35 /* Products */ = {
			isa = PBXGroup;
			children = (
				FB4D389124C81752000F0E35 /* TrafficLightAppV2.app */,
			);
			name = Products;
			sourceTree = "<group>";
		};
		FB4D389324C81752000F0E35 /* TrafficLightAppV2 */ = {
			isa = PBXGroup;
			children = (
				FB4D389424C81753000F0E35 /* AppDelegate.swift */,
				FB4D389624C81753000F0E35 /* SceneDelegate.swift */,
				FB4D389824C81753000F0E35 /* ContentView.swift */,
				FB4D389A24C81757000F0E35 /* Assets.xcassets */,
				FB4D389F24C81757000F0E35 /* LaunchScreen.storyboard */,
				FB4D38A224C81757000F0E35 /* Info.plist */,
				FB4D389C24C81757000F0E35 /* Preview Content */,
			);
			path = TrafficLightAppV2;
			sourceTree = "<group>";
		};
		FB4D389C24C81757000F0E35 /* Preview Content */ = {
			isa = PBXGroup;
			children = (
				FB4D389D24C81757000F0E35 /* Preview Assets.xcassets */,
			);
			path = "Preview Content";
			sourceTree = "<group>";
		};
/* End PBXGroup section */

/* Begin PBXNativeTarget section */
		FB4D389024C81752000F0E35 /* TrafficLightAppV2 */ = {
			isa = PBXNativeTarget;
			buildConfigurationList = FB4D38A524C81757000F0E35 /* Build configuration list for PBXNativeTarget "TrafficLightAppV2" */;
			buildPhases = (
				FB4D388D24C81752000F0E35 /* Sources */,
				FB4D388E24C81752000F0E35 /* Frameworks */,
				FB4D388F24C81752000F0E35 /* Resources */,
			);
			buildRules = (
			);
			dependencies = (
			);
			name = TrafficLightAppV2;
			productName = TrafficLightAppV2;
			productReference = FB4D389124C81752000F0E35 /* TrafficLightAppV2.app */;
			productType = "com.apple.product-type.application";
		};
/* End PBXNativeTarget section */

/* Begin PBXProject section */
		FB4D388924C81752000F0E35 /* Project object */ = {
			isa = PBXProject;
			attributes = {
				LastSwiftUpdateCheck = 1160;
				LastUpgradeCheck = 1160;
				ORGANIZATIONNAME = "Владимир Паутов";
				TargetAttributes = {
					FB4D389024C81752000F0E35 = {
						CreatedOnToolsVersion = 11.6;
					};
				};
			};
			buildConfigurationList = FB4D388C24C81752000F0E35 /* Build configuration list for PBXProject "TrafficLightAppV2" */;
			compatibilityVersion = "Xcode 9.3";
			developmentRegion = en;
			hasScannedForEncodings = 0;
			knownRegions = (
				en,
				Base,
			);
			mainGroup = FB4D388824C81752000F0E35;
			productRefGroup = FB4D389224C81752000F0E35 /* Products */;
			projectDirPath = "";
			projectRoot = "";
			targets = (
				FB4D389024C81752000F0E35 /* TrafficLightAppV2 */,
			);
		};
/* End PBXProject section */

/* Begin PBXResourcesBuildPhase section */
		FB4D388F24C81752000F0E35 /* Resources */ = {
			isa = PBXResourcesBuildPhase;
			buildActionMask = 2147483647;
			files = (
				FB4D38A124C81757000F0E35 /* LaunchScreen.storyboard in Resources */,
				FB4D389E24C81757000F0E35 /* Preview Assets.xcassets in Resources */,
				FB4D389B24C81757000F0E35 /* Assets.xcassets in Resources */,
			);
			runOnlyForDeploymentPostprocessing = 0;
		};
/* End PBXResourcesBuildPhase section */

/* Begin PBXSourcesBuildPhase section */
		FB4D388D24C81752000F0E35 /* Sources */ = {
			isa = PBXSourcesBuildPhase;
			buildActionMask = 2147483647;
			files = (
				FB4D389524C81753000F0E35 /* AppDelegate.swift in Sources */,
				FB4D389724C81753000F0E35 /* SceneDelegate.swift in Sources */,
				FB4D389924C81753000F0E35 /* ContentView.swift in Sources */,
			);
			runOnlyForDeploymentPostprocessing = 0;
		};
/* End PBXSourcesBuildPhase section */

/* Begin PBXVariantGroup section */
		FB4D389F24C81757000F0E35 /* LaunchScreen.storyboard */ = {
			isa = PBXVariantGroup;
			children = (
				FB4D38A024C81757000F0E35 /* Base */,
			);
			name = LaunchScreen.storyboard;
			sourceTree = "<group>";
		};
/* End PBXVariantGroup section */

/* Begin XCBuildConfiguration section */
		FB4D38A324C81757000F0E35 /* Debug */ = {
			isa = XCBuildConfiguration;
			buildSettings = {
				ALWAYS_SEARCH_USER_PATHS = NO;
				CLANG_ANALYZER_NONNULL = YES;
				CLANG_ANALYZER_NUMBER_OBJECT_CONVERSION = YES_AGGRESSIVE;
				CLANG_CXX_LANGUAGE_STANDARD = "gnu++14";
				CLANG_CXX_LIBRARY = "libc++";
				CLANG_ENABLE_MODULES = YES;
				CLANG_ENABLE_OBJC_ARC = YES;
				CLANG_ENABLE_OBJC_WEAK = YES;
				CLANG_WARN_BLOCK_CAPTURE_AUTORELEASING = YES;
				CLANG_WARN_BOOL_CONVERSION = YES;
				CLANG_WARN_COMMA = YES;
				CLANG_WARN_CONSTANT_CONVERSION = YES;
				CLANG_WARN_DEPRECATED_OBJC_IMPLEMENTATIONS = YES;
				CLANG_WARN_DIRECT_OBJC_ISA_USAGE = YES_ERROR;
				CLANG_WARN_DOCUMENTATION_COMMENTS = YES;
				CLANG_WARN_EMPTY_BODY = YES;
				CLANG_WARN_ENUM_CONVERSION = YES;
				CLANG_WARN_INFINITE_RECURSION = YES;
				CLANG_WARN_INT_CONVERSION = YES;
				CLANG_WARN_NON_LITERAL_NULL_CONVERSION = YES;
				CLANG_WARN_OBJC_IMPLICIT_RETAIN_SELF = YES;
				CLANG_WARN_OBJC_LITERAL_CONVERSION = YES;
				CLANG_WARN_OBJC_ROOT_CLASS = YES_ERROR;
				CLANG_WARN_RANGE_LOOP_ANALYSIS = YES;
				CLANG_WARN_STRICT_PROTOTYPES = YES;
				CLANG_WARN_SUSPICIOUS_MOVE = YES;
				CLANG_WARN_UNGUARDED_AVAILABILITY = YES_AGGRESSIVE;
				CLANG_WARN_UNREACHABLE_CODE = YES;
				CLANG_WARN__DUPLICATE_METHOD_MATCH = YES;
				COPY_PHASE_STRIP = NO;
				DEBUG_INFORMATION_FORMAT = dwarf;
				ENABLE_STRICT_OBJC_MSGSEND = YES;
				ENABLE_TESTABILITY = YES;
				GCC_C_LANGUAGE_STANDARD = gnu11;
				GCC_DYNAMIC_NO_PIC = NO;
				GCC_NO_COMMON_BLOCKS = YES;
				GCC_OPTIMIZATION_LEVEL = 0;
				GCC_PREPROCESSOR_DEFINITIONS = (
					"DEBUG=1",
					"$(inherited)",
				);
				GCC_WARN_64_TO_32_BIT_CONVERSION = YES;
				GCC_WARN_ABOUT_RETURN_TYPE = YES_ERROR;
				GCC_WARN_UNDECLARED_SELECTOR = YES;
				GCC_WARN_UNINITIALIZED_AUTOS = YES_AGGRESSIVE;
				GCC_WARN_UNUSED_FUNCTION = YES;
				GCC_WARN_UNUSED_VARIABLE = YES;
				IPHONEOS_DEPLOYMENT_TARGET = 13.6;
				MTL_ENABLE_DEBUG_INFO = INCLUDE_SOURCE;
				MTL_FAST_MATH = YES;
				ONLY_ACTIVE_ARCH = YES;
				SDKROOT = iphoneos;
				SWIFT_ACTIVE_COMPILATION_CONDITIONS = DEBUG;
				SWIFT_OPTIMIZATION_LEVEL = "-Onone";
			};
			name = Debug;
		};
		FB4D38A424C81757000F0E35 /* Release */ = {
			isa = XCBuildConfiguration;
			buildSettings = {
				ALWAYS_SEARCH_USER_PATHS = NO;
				CLANG_ANALYZER_NONNULL = YES;
				CLANG_ANALYZER_NUMBER_OBJECT_CONVERSION = YES_AGGRESSIVE;
				CLANG_CXX_LANGUAGE_STANDARD = "gnu++14";
				CLANG_CXX_LIBRARY = "libc++";
				CLANG_ENABLE_MODULES = YES;
				CLANG_ENABLE_OBJC_ARC = YES;
				CLANG_ENABLE_OBJC_WEAK = YES;
				CLANG_WARN_BLOCK_CAPTURE_AUTORELEASING = YES;
				CLANG_WARN_BOOL_CONVERSION = YES;
				CLANG_WARN_COMMA = YES;
				CLANG_WARN_CONSTANT_CONVERSION = YES;
				CLANG_WARN_DEPRECATED_OBJC_IMPLEMENTATIONS = YES;
				CLANG_WARN_DIRECT_OBJC_ISA_USAGE = YES_ERROR;
				CLANG_WARN_DOCUMENTATION_COMMENTS = YES;
				CLANG_WARN_EMPTY_BODY = YES;
				CLANG_WARN_ENUM_CONVERSION = YES;
				CLANG_WARN_INFINITE_RECURSION = YES;
				CLANG_WARN_INT_CONVERSION = YES;
				CLANG_WARN_NON_LITERAL_NULL_CONVERSION = YES;
				CLANG_WARN_OBJC_IMPLICIT_RETAIN_SELF = YES;
				CLANG_WARN_OBJC_LITERAL_CONVERSION = YES;
				CLANG_WARN_OBJC_ROOT_CLASS = YES_ERROR;
				CLANG_WARN_RANGE_LOOP_ANALYSIS = YES;
				CLANG_WARN_STRICT_PROTOTYPES = YES;
				CLANG_WARN_SUSPICIOUS_MOVE = YES;
				CLANG_WARN_UNGUARDED_AVAILABILITY = YES_AGGRESSIVE;
				CLANG_WARN_UNREACHABLE_CODE = YES;
				CLANG_WARN__DUPLICATE_METHOD_MATCH = YES;
				COPY_PHASE_STRIP = NO;
				DEBUG_INFORMATION_FORMAT = "dwarf-with-dsym";
				ENABLE_NS_ASSERTIONS = NO;
				ENABLE_STRICT_OBJC_MSGSEND = YES;
				GCC_C_LANGUAGE_STANDARD = gnu11;
				GCC_NO_COMMON_BLOCKS = YES;
				GCC_WARN_64_TO_32_BIT_CONVERSION = YES;
				GCC_WARN_ABOUT_RETURN_TYPE = YES_ERROR;
				GCC_WARN_UNDECLARED_SELECTOR = YES;
				GCC_WARN_UNINITIALIZED_AUTOS = YES_AGGRESSIVE;
				GCC_WARN_UNUSED_FUNCTION = YES;
				GCC_WARN_UNUSED_VARIABLE = YES;
				IPHONEOS_DEPLOYMENT_TARGET = 13.6;
				MTL_ENABLE_DEBUG_INFO = NO;
				MTL_FAST_MATH = YES;
				SDKROOT = iphoneos;
				SWIFT_COMPILATION_MODE = wholemodule;
				SWIFT_OPTIMIZATION_LEVEL = "-O";
				VALIDATE_PRODUCT = YES;
			};
			name = Release;
		};
		FB4D38A624C81757000F0E35 /* Debug */ = {
			isa = XCBuildConfiguration;
			buildSettings = {
				ASSETCATALOG_COMPILER_APPICON_NAME = AppIcon;
				CODE_SIGN_STYLE = Automatic;
				DEVELOPMENT_ASSET_PATHS = "\"TrafficLightAppV2/Preview Content\"";
				DEVELOPMENT_TEAM = KMVUC2J4YA;
				ENABLE_PREVIEWS = YES;
				INFOPLIST_FILE = TrafficLightAppV2/Info.plist;
				LD_RUNPATH_SEARCH_PATHS = (
					"$(inherited)",
					"@executable_path/Frameworks",
				);
				PRODUCT_BUNDLE_IDENTIFIER = "BadProgrammer-inc.TrafficLightAppV2";
				PRODUCT_NAME = "$(TARGET_NAME)";
				SWIFT_VERSION = 5.0;
				TARGETED_DEVICE_FAMILY = "1,2";
			};
			name = Debug;
		};
		FB4D38A724C81757000F0E35 /* Release */ = {
			isa = XCBuildConfiguration;
			buildSettings = {
				ASSETCATALOG_COMPILER_APPICON_NAME = AppIcon;
				CODE_SIGN_STYLE = Automatic;
				DEVELOPMENT_ASSET_PATHS = "\"TrafficLightAppV2/Preview Content\"";
				DEVELOPMENT_TEAM = KMVUC2J4YA;
				ENABLE_PREVIEWS = YES;
				INFOPLIST_FILE = TrafficLightAppV2/Info.plist;
				LD_RUNPATH_SEARCH_PATHS = (
					"$(inherited)",
					"@executable_path/Frameworks",
				);
				PRODUCT_BUNDLE_IDENTIFIER = "BadProgrammer-inc.TrafficLightAppV2";
				PRODUCT_NAME = "$(TARGET_NAME)";
				SWIFT_VERSION = 5.0;
				TARGETED_DEVICE_FAMILY = "1,2";
			};
			name = Release;
		};
/* End XCBuildConfiguration section */

/* Begin XCConfigurationList section */
		FB4D388C24C81752000F0E35 /* Build configuration list for PBXProject "TrafficLightAppV2" */ = {
			isa = XCConfigurationList;
			buildConfigurations = (
				FB4D38A324C81757000F0E35 /* Debug */,
				FB4D38A424C81757000F0E35 /* Release */,
			);
			defaultConfigurationIsVisible = 0;
			defaultConfigurationName = Release;
		};
		FB4D38A524C81757000F0E35 /* Build configuration list for PBXNativeTarget "TrafficLightAppV2" */ = {
			isa = XCConfigurationList;
			buildConfigurations = (
				FB4D38A624C81757000F0E35 /* Debug */,
				FB4D38A724C81757000F0E35 /* Release */,
			);
			defaultConfigurationIsVisible = 0;
			defaultConfigurationName = Release;
		};
/* End XCConfigurationList section */
	};
	rootObject = FB4D388924C81752000F0E35 /* Project object */;
}
